
Microsoft Visual Studio Solution File, Format Version 12.00
# Visual Studio Version 17
VisualStudioVersion = 17.0.31903.59
MinimumVisualStudioVersion = 10.0.40219.1
Project("{2150E333-8FDC-42A3-9474-1A3956D46DE8}") = "src", "src", "{268BCF1A-05B9-4ED5-8AB6-3F705F19A859}"
EndProject
Project("{FAE04EC0-301F-11D3-BF4B-00C04F79EFBC}") = "AuctionService", "src\AuctionService\AuctionService.csproj", "{3F2420F7-DE77-4DB7-8327-C9FFFE2C352A}"
EndProject
Project("{FAE04EC0-301F-11D3-BF4B-00C04F79EFBC}") = "SearchService", "src\SearchService\SearchService.csproj", "{7B6C03D1-7647-456B-8C4E-14D48D3E5565}"
EndProject
Project("{FAE04EC0-301F-11D3-BF4B-00C04F79EFBC}") = "Contracts", "src\Contracts\Contracts.csproj", "{72931D77-828F-4D62-A6C3-26E6376ADDBA}"
EndProject
Project("{FAE04EC0-301F-11D3-BF4B-00C04F79EFBC}") = "IdentityService", "src\IdentityService\IdentityService.csproj", "{E1DCA9EF-B367-412D-8BF3-8E1E07668E6A}"
EndProject
Project("{FAE04EC0-301F-11D3-BF4B-00C04F79EFBC}") = "GatewayService", "src\GatewayService\GatewayService.csproj", "{F18E0C78-13E1-499C-BF50-6CF6A84F48C2}"
EndProject
Project("{FAE04EC0-301F-11D3-BF4B-00C04F79EFBC}") = "BiddingService", "src\BiddingService\BiddingService.csproj", "{551B58AC-FBF7-488E-A7EA-250F8A969E4B}"
EndProject
Project("{FAE04EC0-301F-11D3-BF4B-00C04F79EFBC}") = "NotificationService", "src\NotificationService\NotificationService.csproj", "{C90DD48B-0C53-46B6-AE97-F20940FACC7F}"
EndProject
Global
	GlobalSection(SolutionConfigurationPlatforms) = preSolution
		Debug|Any CPU = Debug|Any CPU
		Release|Any CPU = Release|Any CPU
	EndGlobalSection
	GlobalSection(SolutionProperties) = preSolution
		HideSolutionNode = FALSE
	EndGlobalSection
	GlobalSection(ProjectConfigurationPlatforms) = postSolution
		{3F2420F7-DE77-4DB7-8327-C9FFFE2C352A}.Debug|Any CPU.ActiveCfg = Debug|Any CPU
		{3F2420F7-DE77-4DB7-8327-C9FFFE2C352A}.Debug|Any CPU.Build.0 = Debug|Any CPU
		{3F2420F7-DE77-4DB7-8327-C9FFFE2C352A}.Release|Any CPU.ActiveCfg = Release|Any CPU
		{3F2420F7-DE77-4DB7-8327-C9FFFE2C352A}.Release|Any CPU.Build.0 = Release|Any CPU
		{7B6C03D1-7647-456B-8C4E-14D48D3E5565}.Debug|Any CPU.ActiveCfg = Debug|Any CPU
		{7B6C03D1-7647-456B-8C4E-14D48D3E5565}.Debug|Any CPU.Build.0 = Debug|Any CPU
		{7B6C03D1-7647-456B-8C4E-14D48D3E5565}.Release|Any CPU.ActiveCfg = Release|Any CPU
		{7B6C03D1-7647-456B-8C4E-14D48D3E5565}.Release|Any CPU.Build.0 = Release|Any CPU
		{72931D77-828F-4D62-A6C3-26E6376ADDBA}.Debug|Any CPU.ActiveCfg = Debug|Any CPU
		{72931D77-828F-4D62-A6C3-26E6376ADDBA}.Debug|Any CPU.Build.0 = Debug|Any CPU
		{72931D77-828F-4D62-A6C3-26E6376ADDBA}.Release|Any CPU.ActiveCfg = Release|Any CPU
		{72931D77-828F-4D62-A6C3-26E6376ADDBA}.Release|Any CPU.Build.0 = Release|Any CPU
		{E1DCA9EF-B367-412D-8BF3-8E1E07668E6A}.Debug|Any CPU.ActiveCfg = Debug|Any CPU
		{E1DCA9EF-B367-412D-8BF3-8E1E07668E6A}.Debug|Any CPU.Build.0 = Debug|Any CPU
		{E1DCA9EF-B367-412D-8BF3-8E1E07668E6A}.Release|Any CPU.ActiveCfg = Release|Any CPU
		{E1DCA9EF-B367-412D-8BF3-8E1E07668E6A}.Release|Any CPU.Build.0 = Release|Any CPU
		{F18E0C78-13E1-499C-BF50-6CF6A84F48C2}.Debug|Any CPU.ActiveCfg = Debug|Any CPU
		{F18E0C78-13E1-499C-BF50-6CF6A84F48C2}.Debug|Any CPU.Build.0 = Debug|Any CPU
		{F18E0C78-13E1-499C-BF50-6CF6A84F48C2}.Release|Any CPU.ActiveCfg = Release|Any CPU
		{F18E0C78-13E1-499C-BF50-6CF6A84F48C2}.Release|Any CPU.Build.0 = Release|Any CPU
		{551B58AC-FBF7-488E-A7EA-250F8A969E4B}.Debug|Any CPU.ActiveCfg = Debug|Any CPU
		{551B58AC-FBF7-488E-A7EA-250F8A969E4B}.Debug|Any CPU.Build.0 = Debug|Any CPU
		{551B58AC-FBF7-488E-A7EA-250F8A969E4B}.Release|Any CPU.ActiveCfg = Release|Any CPU
		{551B58AC-FBF7-488E-A7EA-250F8A969E4B}.Release|Any CPU.Build.0 = Release|Any CPU
		{C90DD48B-0C53-46B6-AE97-F20940FACC7F}.Debug|Any CPU.ActiveCfg = Debug|Any CPU
		{C90DD48B-0C53-46B6-AE97-F20940FACC7F}.Debug|Any CPU.Build.0 = Debug|Any CPU
		{C90DD48B-0C53-46B6-AE97-F20940FACC7F}.Release|Any CPU.ActiveCfg = Release|Any CPU
		{C90DD48B-0C53-46B6-AE97-F20940FACC7F}.Release|Any CPU.Build.0 = Release|Any CPU
	EndGlobalSection
	GlobalSection(NestedProjects) = preSolution
		{3F2420F7-DE77-4DB7-8327-C9FFFE2C352A} = {268BCF1A-05B9-4ED5-8AB6-3F705F19A859}
		{7B6C03D1-7647-456B-8C4E-14D48D3E5565} = {268BCF1A-05B9-4ED5-8AB6-3F705F19A859}
		{72931D77-828F-4D62-A6C3-26E6376ADDBA} = {268BCF1A-05B9-4ED5-8AB6-3F705F19A859}
		{E1DCA9EF-B367-412D-8BF3-8E1E07668E6A} = {268BCF1A-05B9-4ED5-8AB6-3F705F19A859}
		{F18E0C78-13E1-499C-BF50-6CF6A84F48C2} = {268BCF1A-05B9-4ED5-8AB6-3F705F19A859}
		{551B58AC-FBF7-488E-A7EA-250F8A969E4B} = {268BCF1A-05B9-4ED5-8AB6-3F705F19A859}
		{C90DD48B-0C53-46B6-AE97-F20940FACC7F} = {268BCF1A-05B9-4ED5-8AB6-3F705F19A859}
	EndGlobalSection
EndGlobal
